{
    "_readme": [
        "This file locks the dependencies of your project to a known state",
        "Read more about it at https://getcomposer.org/doc/01-basic-usage.md#installing-dependencies",
        "This file is @generated automatically"
    ],
    "content-hash": "f370c362834e3d2c6fb88737b6ba4753",
    "packages": [
        {
            "name": "byjg/anydataset",
            "version": "4.9.2",
            "source": {
                "type": "git",
                "url": "https://github.com/byjg/php-anydataset.git",
                "reference": "36924a9ceae34e110f10cef884739bf53603fa38"
            },
            "dist": {
                "type": "zip",
                "url": "https://api.github.com/repos/byjg/php-anydataset/zipball/36924a9ceae34e110f10cef884739bf53603fa38",
                "reference": "36924a9ceae34e110f10cef884739bf53603fa38",
                "shasum": ""
            },
            "require": {
                "byjg/serializer": "4.9.*",
                "byjg/xmlutil": "4.9.*",
                "php": ">=7.4"
            },
            "require-dev": {
                "phpunit/phpunit": "^9.6",
                "vimeo/psalm": "^4.24"
            },
            "suggest": {
                "ext-dom": "*"
            },
            "type": "library",
            "autoload": {
                "psr-4": {
                    "ByJG\\AnyDataset\\Core\\": "src/"
                }
            },
            "notification-url": "https://packagist.org/downloads/",
            "license": [
                "MIT"
            ],
            "description": "Anydataset is an agnostic data source abstraction layer in PHP. Core Module.",
            "support": {
                "issues": "https://github.com/byjg/php-anydataset/issues",
                "source": "https://github.com/byjg/php-anydataset/tree/4.9.2"
            },
            "time": "2024-05-30T15:55:18+00:00"
        },
        {
            "name": "byjg/anydataset-array",
            "version": "4.9.1",
            "source": {
                "type": "git",
                "url": "https://github.com/byjg/php-anydataset-array.git",
                "reference": "189c5d4f8dc8183a4e6409f216309b9d21923e9e"
            },
            "dist": {
                "type": "zip",
                "url": "https://api.github.com/repos/byjg/php-anydataset-array/zipball/189c5d4f8dc8183a4e6409f216309b9d21923e9e",
                "reference": "189c5d4f8dc8183a4e6409f216309b9d21923e9e",
                "shasum": ""
            },
            "require": {
                "byjg/anydataset": "4.9.*",
                "php": ">=7.4"
            },
            "require-dev": {
                "phpunit/phpunit": "5.7.*|7.4.*|^9.5"
            },
            "type": "library",
            "autoload": {
                "psr-4": {
                    "ByJG\\AnyDataset\\Lists\\": "src/"
                }
            },
            "notification-url": "https://packagist.org/downloads/",
            "license": [
                "MIT"
            ],
            "description": "Anydataset Array abstraction. Anydataset is an agnostic data source abstraction layer in PHP.",
            "support": {
                "issues": "https://github.com/byjg/php-anydataset-array/issues",
                "source": "https://github.com/byjg/php-anydataset-array/tree/4.9.1"
            },
            "time": "2024-01-04T01:38:57+00:00"
        },
        {
            "name": "byjg/anydataset-db",
            "version": "4.9.5",
            "source": {
                "type": "git",
                "url": "https://github.com/byjg/php-anydataset-db.git",
                "reference": "96193fdd44a8312ec4d25e2719c2e47acb6abaf2"
            },
            "dist": {
                "type": "zip",
                "url": "https://api.github.com/repos/byjg/php-anydataset-db/zipball/96193fdd44a8312ec4d25e2719c2e47acb6abaf2",
                "reference": "96193fdd44a8312ec4d25e2719c2e47acb6abaf2",
                "shasum": ""
            },
            "require": {
                "byjg/anydataset-array": "4.9.*",
                "byjg/uri": "4.9.*",
                "ext-json": "*",
                "ext-pdo": "*",
                "php": ">=7.4",
                "psr/cache": "^1.0",
                "psr/log": "^1.0"
            },
            "provide": {
                "byjg/anydataset-implementation": "1.0"
            },
            "require-dev": {
                "byjg/cache-engine": "4.9.*",
                "phpunit/phpunit": "5.7.*|7.4.*|^9.5"
            },
            "suggest": {
                "byjg/cache-engine": "4.9.*",
                "ext-curl": "*",
                "ext-oci8": "*",
                "ext-pdo_mysql": "*",
                "ext-pdo_pgsql": "*"
            },
            "type": "library",
            "autoload": {
                "psr-4": {
                    "ByJG\\AnyDataset\\Db\\": "src/"
                }
            },
            "notification-url": "https://packagist.org/downloads/",
            "license": [
                "MIT"
            ],
            "description": "Anydataset Database Relational abstraction. Anydataset is an agnostic data source abstraction layer in PHP.",
            "support": {
                "issues": "https://github.com/byjg/php-anydataset-db/issues",
                "source": "https://github.com/byjg/php-anydataset-db/tree/4.9.5"
            },
            "time": "2024-09-02T13:26:40+00:00"
        },
        {
            "name": "byjg/migration",
            "version": "4.9.1",
            "source": {
                "type": "git",
                "url": "https://github.com/byjg/php-migration.git",
                "reference": "2fc29688b3011c6a96210d65052a9893467203c8"
            },
            "dist": {
                "type": "zip",
                "url": "https://api.github.com/repos/byjg/php-migration/zipball/2fc29688b3011c6a96210d65052a9893467203c8",
                "reference": "2fc29688b3011c6a96210d65052a9893467203c8",
                "shasum": ""
            },
            "require": {
                "byjg/anydataset-db": "4.9.*",
                "ext-pdo": "*"
            },
            "require-dev": {
                "phpunit/phpunit": "5.7.*|7.4.*|^9.6"
            },
            "type": "library",
            "autoload": {
                "psr-4": {
                    "ByJG\\DbMigration\\": "src/"
                }
            },
            "notification-url": "https://packagist.org/downloads/",
            "license": [
                "MIT"
            ],
            "description": "Simple library in PHP for database version control. Supports Sqlite, MySql, Sql Server and Postgres.",
            "support": {
                "issues": "https://github.com/byjg/php-migration/issues",
                "source": "https://github.com/byjg/php-migration/tree/4.9.1"
            },
            "time": "2024-01-05T20:21:35+00:00"
        },
        {
            "name": "byjg/serializer",
            "version": "4.9.2",
            "source": {
                "type": "git",
                "url": "https://github.com/byjg/php-serializer.git",
                "reference": "029c07fed4acb4433361d974fd7cd7a7c38212fd"
            },
            "dist": {
                "type": "zip",
                "url": "https://api.github.com/repos/byjg/php-serializer/zipball/029c07fed4acb4433361d974fd7cd7a7c38212fd",
                "reference": "029c07fed4acb4433361d974fd7cd7a7c38212fd",
                "shasum": ""
            },
            "require": {
                "ext-json": "*",
                "php": ">=7.4",
                "symfony/yaml": "> 4"
            },
            "require-dev": {
                "phpunit/phpunit": "5.7.*|7.4.*|^9.5"
            },
            "suggest": {
                "ext-curl": "*"
            },
            "type": "library",
            "autoload": {
                "psr-4": {
                    "ByJG\\Serializer\\": "src/"
                }
            },
            "notification-url": "https://packagist.org/downloads/",
            "license": [
                "MIT"
            ],
            "description": "Serialize any object into array and format it JSON or XML",
            "support": {
                "issues": "https://github.com/byjg/php-serializer/issues",
                "source": "https://github.com/byjg/php-serializer/tree/4.9.2"
            },
            "time": "2024-05-30T15:33:57+00:00"
        },
        {
            "name": "byjg/uri",
            "version": "4.9.2",
            "source": {
                "type": "git",
                "url": "https://github.com/byjg/php-uri.git",
                "reference": "8931289eea60645d1a9f5a3cb4711d4272d27d18"
            },
            "dist": {
                "type": "zip",
                "url": "https://api.github.com/repos/byjg/php-uri/zipball/8931289eea60645d1a9f5a3cb4711d4272d27d18",
                "reference": "8931289eea60645d1a9f5a3cb4711d4272d27d18",
                "shasum": ""
            },
            "require": {
                "php": ">=7.4",
                "psr/http-message": "^1.0|^2.0"
            },
            "provide": {
                "psr/http-message-implementation": "1.0"
            },
            "require-dev": {
                "phpunit/phpunit": "5.7.*|7.4.*|^9.5"
            },
            "type": "library",
            "autoload": {
                "psr-4": {
                    "ByJG\\Util\\": "src/"
                }
            },
            "notification-url": "https://packagist.org/downloads/",
            "license": [
                "MIT"
            ],
            "description": "An implementation of PSR UriInterface ",
            "support": {
                "issues": "https://github.com/byjg/php-uri/issues",
                "source": "https://github.com/byjg/php-uri/tree/4.9.2"
            },
            "time": "2024-06-03T16:53:49+00:00"
        },
        {
            "name": "byjg/xmlutil",
            "version": "4.9.1",
            "source": {
                "type": "git",
                "url": "https://github.com/byjg/php-xmlutil.git",
                "reference": "a3ac978e11406982611d3988fbbae516b77e4929"
            },
            "dist": {
                "type": "zip",
                "url": "https://api.github.com/repos/byjg/php-xmlutil/zipball/a3ac978e11406982611d3988fbbae516b77e4929",
                "reference": "a3ac978e11406982611d3988fbbae516b77e4929",
                "shasum": ""
            },
            "require": {
                "ext-xml": "*",
                "php": ">=7.4"
            },
            "require-dev": {
                "phpunit/phpunit": "^9.5"
            },
            "type": "library",
            "autoload": {
                "psr-4": {
                    "ByJG\\Util\\": "src/"
                }
            },
            "notification-url": "https://packagist.org/downloads/",
            "license": [
                "MIT"
            ],
            "description": "A utility class to make easy work with XML in PHP.",
            "support": {
                "issues": "https://github.com/byjg/php-xmlutil/issues",
                "source": "https://github.com/byjg/php-xmlutil/tree/4.9.1"
            },
            "time": "2024-01-03T23:22:50+00:00"
        },
        {
            "name": "psr/cache",
            "version": "1.0.1",
            "source": {
                "type": "git",
                "url": "https://github.com/php-fig/cache.git",
                "reference": "d11b50ad223250cf17b86e38383413f5a6764bf8"
            },
            "dist": {
                "type": "zip",
                "url": "https://api.github.com/repos/php-fig/cache/zipball/d11b50ad223250cf17b86e38383413f5a6764bf8",
                "reference": "d11b50ad223250cf17b86e38383413f5a6764bf8",
                "shasum": ""
            },
            "require": {
                "php": ">=5.3.0"
            },
            "type": "library",
            "extra": {
                "branch-alias": {
                    "dev-master": "1.0.x-dev"
                }
            },
            "autoload": {
                "psr-4": {
                    "Psr\\Cache\\": "src/"
                }
            },
            "notification-url": "https://packagist.org/downloads/",
            "license": [
                "MIT"
            ],
            "authors": [
                {
                    "name": "PHP-FIG",
                    "homepage": "http://www.php-fig.org/"
                }
            ],
            "description": "Common interface for caching libraries",
            "keywords": [
                "cache",
                "psr",
                "psr-6"
            ],
            "support": {
                "source": "https://github.com/php-fig/cache/tree/master"
            },
            "time": "2016-08-06T20:24:11+00:00"
        },
        {
            "name": "psr/http-message",
            "version": "2.0",
            "source": {
                "type": "git",
                "url": "https://github.com/php-fig/http-message.git",
                "reference": "402d35bcb92c70c026d1a6a9883f06b2ead23d71"
            },
            "dist": {
                "type": "zip",
                "url": "https://api.github.com/repos/php-fig/http-message/zipball/402d35bcb92c70c026d1a6a9883f06b2ead23d71",
                "reference": "402d35bcb92c70c026d1a6a9883f06b2ead23d71",
                "shasum": ""
            },
            "require": {
                "php": "^7.2 || ^8.0"
            },
            "type": "library",
            "extra": {
                "branch-alias": {
                    "dev-master": "2.0.x-dev"
                }
            },
            "autoload": {
                "psr-4": {
                    "Psr\\Http\\Message\\": "src/"
                }
            },
            "notification-url": "https://packagist.org/downloads/",
            "license": [
                "MIT"
            ],
            "authors": [
                {
                    "name": "PHP-FIG",
                    "homepage": "https://www.php-fig.org/"
                }
            ],
            "description": "Common interface for HTTP messages",
            "homepage": "https://github.com/php-fig/http-message",
            "keywords": [
                "http",
                "http-message",
                "psr",
                "psr-7",
                "request",
                "response"
            ],
            "support": {
                "source": "https://github.com/php-fig/http-message/tree/2.0"
            },
            "time": "2023-04-04T09:54:51+00:00"
        },
        {
            "name": "psr/log",
            "version": "1.1.4",
            "source": {
                "type": "git",
                "url": "https://github.com/php-fig/log.git",
                "reference": "d49695b909c3b7628b6289db5479a1c204601f11"
            },
            "dist": {
                "type": "zip",
                "url": "https://api.github.com/repos/php-fig/log/zipball/d49695b909c3b7628b6289db5479a1c204601f11",
                "reference": "d49695b909c3b7628b6289db5479a1c204601f11",
                "shasum": ""
            },
            "require": {
                "php": ">=5.3.0"
            },
            "type": "library",
            "extra": {
                "branch-alias": {
                    "dev-master": "1.1.x-dev"
                }
            },
            "autoload": {
                "psr-4": {
                    "Psr\\Log\\": "Psr/Log/"
                }
            },
            "notification-url": "https://packagist.org/downloads/",
            "license": [
                "MIT"
            ],
            "authors": [
                {
                    "name": "PHP-FIG",
                    "homepage": "https://www.php-fig.org/"
                }
            ],
            "description": "Common interface for logging libraries",
            "homepage": "https://github.com/php-fig/log",
            "keywords": [
                "log",
                "psr",
                "psr-3"
            ],
            "support": {
                "source": "https://github.com/php-fig/log/tree/1.1.4"
            },
            "time": "2021-05-03T11:20:27+00:00"
        },
        {
            "name": "symfony/deprecation-contracts",
            "version": "v3.6.0",
            "source": {
                "type": "git",
                "url": "https://github.com/symfony/deprecation-contracts.git",
                "reference": "63afe740e99a13ba87ec199bb07bbdee937a5b62"
            },
            "dist": {
                "type": "zip",
                "url": "https://api.github.com/repos/symfony/deprecation-contracts/zipball/63afe740e99a13ba87ec199bb07bbdee937a5b62",
                "reference": "63afe740e99a13ba87ec199bb07bbdee937a5b62",
                "shasum": ""
            },
            "require": {
                "php": ">=8.1"
            },
            "type": "library",
            "extra": {
                "thanks": {
                    "url": "https://github.com/symfony/contracts",
                    "name": "symfony/contracts"
                },
                "branch-alias": {
                    "dev-main": "3.6-dev"
                }
            },
            "autoload": {
                "files": [
                    "function.php"
                ]
            },
            "notification-url": "https://packagist.org/downloads/",
            "license": [
                "MIT"
            ],
            "authors": [
                {
                    "name": "Nicolas Grekas",
                    "email": "p@tchwork.com"
                },
                {
                    "name": "Symfony Community",
                    "homepage": "https://symfony.com/contributors"
                }
            ],
            "description": "A generic function and convention to trigger deprecation notices",
            "homepage": "https://symfony.com",
            "support": {
                "source": "https://github.com/symfony/deprecation-contracts/tree/v3.6.0"
            },
            "funding": [
                {
                    "url": "https://symfony.com/sponsor",
                    "type": "custom"
                },
                {
                    "url": "https://github.com/fabpot",
                    "type": "github"
                },
                {
                    "url": "https://tidelift.com/funding/github/packagist/symfony/symfony",
                    "type": "tidelift"
                }
            ],
            "time": "2024-09-25T14:21:43+00:00"
        },
        {
            "name": "symfony/polyfill-ctype",
            "version": "v1.32.0",
            "source": {
                "type": "git",
                "url": "https://github.com/symfony/polyfill-ctype.git",
                "reference": "a3cc8b044a6ea513310cbd48ef7333b384945638"
            },
            "dist": {
                "type": "zip",
                "url": "https://api.github.com/repos/symfony/polyfill-ctype/zipball/a3cc8b044a6ea513310cbd48ef7333b384945638",
                "reference": "a3cc8b044a6ea513310cbd48ef7333b384945638",
                "shasum": ""
            },
            "require": {
                "php": ">=7.2"
            },
            "provide": {
                "ext-ctype": "*"
            },
            "suggest": {
                "ext-ctype": "For best performance"
            },
            "type": "library",
            "extra": {
                "thanks": {
                    "url": "https://github.com/symfony/polyfill",
                    "name": "symfony/polyfill"
                }
            },
            "autoload": {
                "files": [
                    "bootstrap.php"
                ],
                "psr-4": {
                    "Symfony\\Polyfill\\Ctype\\": ""
                }
            },
            "notification-url": "https://packagist.org/downloads/",
            "license": [
                "MIT"
            ],
            "authors": [
                {
                    "name": "Gert de Pagter",
                    "email": "BackEndTea@gmail.com"
                },
                {
                    "name": "Symfony Community",
                    "homepage": "https://symfony.com/contributors"
                }
            ],
            "description": "Symfony polyfill for ctype functions",
            "homepage": "https://symfony.com",
            "keywords": [
                "compatibility",
                "ctype",
                "polyfill",
                "portable"
            ],
            "support": {
                "source": "https://github.com/symfony/polyfill-ctype/tree/v1.32.0"
            },
            "funding": [
                {
                    "url": "https://symfony.com/sponsor",
                    "type": "custom"
                },
                {
                    "url": "https://github.com/fabpot",
                    "type": "github"
                },
                {
                    "url": "https://tidelift.com/funding/github/packagist/symfony/symfony",
                    "type": "tidelift"
                }
            ],
            "time": "2024-09-09T11:45:10+00:00"
        },
        {
            "name": "symfony/polyfill-mbstring",
            "version": "v1.32.0",
            "source": {
                "type": "git",
                "url": "https://github.com/symfony/polyfill-mbstring.git",
                "reference": "6d857f4d76bd4b343eac26d6b539585d2bc56493"
            },
            "dist": {
                "type": "zip",
                "url": "https://api.github.com/repos/symfony/polyfill-mbstring/zipball/6d857f4d76bd4b343eac26d6b539585d2bc56493",
                "reference": "6d857f4d76bd4b343eac26d6b539585d2bc56493",
                "shasum": ""
            },
            "require": {
                "ext-iconv": "*",
                "php": ">=7.2"
            },
            "provide": {
                "ext-mbstring": "*"
            },
            "suggest": {
                "ext-mbstring": "For best performance"
            },
            "type": "library",
            "extra": {
                "thanks": {
                    "url": "https://github.com/symfony/polyfill",
                    "name": "symfony/polyfill"
                }
            },
            "autoload": {
                "files": [
                    "bootstrap.php"
                ],
                "psr-4": {
                    "Symfony\\Polyfill\\Mbstring\\": ""
                }
            },
            "notification-url": "https://packagist.org/downloads/",
            "license": [
                "MIT"
            ],
            "authors": [
                {
                    "name": "Nicolas Grekas",
                    "email": "p@tchwork.com"
                },
                {
                    "name": "Symfony Community",
                    "homepage": "https://symfony.com/contributors"
                }
            ],
            "description": "Symfony polyfill for the Mbstring extension",
            "homepage": "https://symfony.com",
            "keywords": [
                "compatibility",
                "mbstring",
                "polyfill",
                "portable",
                "shim"
            ],
            "support": {
                "source": "https://github.com/symfony/polyfill-mbstring/tree/v1.32.0"
            },
            "funding": [
                {
                    "url": "https://symfony.com/sponsor",
                    "type": "custom"
                },
                {
                    "url": "https://github.com/fabpot",
                    "type": "github"
                },
                {
                    "url": "https://tidelift.com/funding/github/packagist/symfony/symfony",
                    "type": "tidelift"
                }
            ],
            "time": "2024-12-23T08:48:59+00:00"
        },
        {
            "name": "symfony/yaml",
            "version": "v7.3.0",
            "source": {
                "type": "git",
                "url": "https://github.com/symfony/yaml.git",
                "reference": "cea40a48279d58dc3efee8112634cb90141156c2"
            },
            "dist": {
                "type": "zip",
                "url": "https://api.github.com/repos/symfony/yaml/zipball/cea40a48279d58dc3efee8112634cb90141156c2",
                "reference": "cea40a48279d58dc3efee8112634cb90141156c2",
                "shasum": ""
            },
            "require": {
                "php": ">=8.2",
                "symfony/deprecation-contracts": "^2.5|^3.0",
                "symfony/polyfill-ctype": "^1.8"
            },
            "conflict": {
                "symfony/console": "<6.4"
            },
            "require-dev": {
                "symfony/console": "^6.4|^7.0"
            },
            "bin": [
                "Resources/bin/yaml-lint"
            ],
            "type": "library",
            "autoload": {
                "psr-4": {
                    "Symfony\\Component\\Yaml\\": ""
                },
                "exclude-from-classmap": [
                    "/Tests/"
                ]
            },
            "notification-url": "https://packagist.org/downloads/",
            "license": [
                "MIT"
            ],
            "authors": [
                {
                    "name": "Fabien Potencier",
                    "email": "fabien@symfony.com"
                },
                {
                    "name": "Symfony Community",
                    "homepage": "https://symfony.com/contributors"
                }
            ],
            "description": "Loads and dumps YAML files",
            "homepage": "https://symfony.com",
            "support": {
                "source": "https://github.com/symfony/yaml/tree/v7.3.0"
            },
            "funding": [
                {
                    "url": "https://symfony.com/sponsor",
                    "type": "custom"
                },
                {
                    "url": "https://github.com/fabpot",
                    "type": "github"
                },
                {
                    "url": "https://tidelift.com/funding/github/packagist/symfony/symfony",
                    "type": "tidelift"
                }
            ],
            "time": "2025-04-04T10:10:33+00:00"
        },
        {
            "name": "twig/twig",
            "version": "v3.21.1",
            "source": {
                "type": "git",
                "url": "https://github.com/twigphp/Twig.git",
                "reference": "285123877d4dd97dd7c11842ac5fb7e86e60d81d"
            },
            "dist": {
                "type": "zip",
                "url": "https://api.github.com/repos/twigphp/Twig/zipball/285123877d4dd97dd7c11842ac5fb7e86e60d81d",
                "reference": "285123877d4dd97dd7c11842ac5fb7e86e60d81d",
                "shasum": ""
            },
            "require": {
                "php": ">=8.1.0",
                "symfony/deprecation-contracts": "^2.5|^3",
                "symfony/polyfill-ctype": "^1.8",
                "symfony/polyfill-mbstring": "^1.3"
            },
            "require-dev": {
                "phpstan/phpstan": "^2.0",
                "psr/container": "^1.0|^2.0",
                "symfony/phpunit-bridge": "^5.4.9|^6.4|^7.0"
            },
            "type": "library",
            "autoload": {
                "files": [
                    "src/Resources/core.php",
                    "src/Resources/debug.php",
                    "src/Resources/escaper.php",
                    "src/Resources/string_loader.php"
                ],
                "psr-4": {
                    "Twig\\": "src/"
                }
            },
            "notification-url": "https://packagist.org/downloads/",
            "license": [
                "BSD-3-Clause"
            ],
            "authors": [
                {
                    "name": "Fabien Potencier",
                    "email": "fabien@symfony.com",
                    "homepage": "http://fabien.potencier.org",
                    "role": "Lead Developer"
                },
                {
                    "name": "Twig Team",
                    "role": "Contributors"
                },
                {
                    "name": "Armin Ronacher",
                    "email": "armin.ronacher@active-4.com",
                    "role": "Project Founder"
                }
            ],
            "description": "Twig, the flexible, fast, and secure template language for PHP",
            "homepage": "https://twig.symfony.com",
            "keywords": [
                "templating"
            ],
            "support": {
                "issues": "https://github.com/twigphp/Twig/issues",
                "source": "https://github.com/twigphp/Twig/tree/v3.21.1"
            },
            "funding": [
                {
                    "url": "https://github.com/fabpot",
                    "type": "github"
                },
                {
                    "url": "https://tidelift.com/funding/github/packagist/twig/twig",
                    "type": "tidelift"
                }
            ],
            "time": "2025-05-03T07:21:55+00:00"
        }
    ],
    "packages-dev": [],
    "aliases": [],
    "minimum-stability": "stable",
    "stability-flags": {},
    "prefer-stable": false,
    "prefer-lowest": false,
    "platform": {
        "php": ">=8.4",
        "ext-pdo": "*",
        "ext-pgsql": "*"
    },
    "platform-dev": {},
    "plugin-api-version": "2.6.0"
}
